
Microsoft Visual Studio Solution File, Format Version 12.00
# Visual Studio Version 16
VisualStudioVersion = 16.0.31424.327
MinimumVisualStudioVersion = 10.0.40219.1
Project("{FAE04EC0-301F-11D3-BF4B-00C04F79EFBC}") = "CompanyEmployeesCoreWebAPI", "CompanyEmployeesCoreWebAPI\CompanyEmployeesCoreWebAPI.csproj", "{D7A1F5BA-C39D-4887-863F-1397EE8FEF6C}"
EndProject
Project("{FAE04EC0-301F-11D3-BF4B-00C04F79EFBC}") = "Contracts", "Contracts\Contracts.csproj", "{25E0395C-6683-4DE8-86A3-DADD21ADEF97}"
EndProject
Project("{FAE04EC0-301F-11D3-BF4B-00C04F79EFBC}") = "LoggerService", "LoggerService\LoggerService.csproj", "{54CB7675-EA41-45C8-BAC2-74B87C24EFF7}"
EndProject
Project("{FAE04EC0-301F-11D3-BF4B-00C04F79EFBC}") = "Entities", "Entities\Entities.csproj", "{9B64EE78-13A0-426F-BF45-382FBFADF69E}"
EndProject
Project("{FAE04EC0-301F-11D3-BF4B-00C04F79EFBC}") = "Repository", "Repository\Repository.csproj", "{33E5E3A2-A887-4A80-B584-39C647F32841}"
EndProject
Global
	GlobalSection(SolutionConfigurationPlatforms) = preSolution
		Debug|Any CPU = Debug|Any CPU
		Release|Any CPU = Release|Any CPU
	EndGlobalSection
	GlobalSection(ProjectConfigurationPlatforms) = postSolution
		{D7A1F5BA-C39D-4887-863F-1397EE8FEF6C}.Debug|Any CPU.ActiveCfg = Debug|Any CPU
		{D7A1F5BA-C39D-4887-863F-1397EE8FEF6C}.Debug|Any CPU.Build.0 = Debug|Any CPU
		{D7A1F5BA-C39D-4887-863F-1397EE8FEF6C}.Release|Any CPU.ActiveCfg = Release|Any CPU
		{D7A1F5BA-C39D-4887-863F-1397EE8FEF6C}.Release|Any CPU.Build.0 = Release|Any CPU
		{25E0395C-6683-4DE8-86A3-DADD21ADEF97}.Debug|Any CPU.ActiveCfg = Debug|Any CPU
		{25E0395C-6683-4DE8-86A3-DADD21ADEF97}.Debug|Any CPU.Build.0 = Debug|Any CPU
		{25E0395C-6683-4DE8-86A3-DADD21ADEF97}.Release|Any CPU.ActiveCfg = Release|Any CPU
		{25E0395C-6683-4DE8-86A3-DADD21ADEF97}.Release|Any CPU.Build.0 = Release|Any CPU
		{54CB7675-EA41-45C8-BAC2-74B87C24EFF7}.Debug|Any CPU.ActiveCfg = Debug|Any CPU
		{54CB7675-EA41-45C8-BAC2-74B87C24EFF7}.Debug|Any CPU.Build.0 = Debug|Any CPU
		{54CB7675-EA41-45C8-BAC2-74B87C24EFF7}.Release|Any CPU.ActiveCfg = Release|Any CPU
		{54CB7675-EA41-45C8-BAC2-74B87C24EFF7}.Release|Any CPU.Build.0 = Release|Any CPU
		{9B64EE78-13A0-426F-BF45-382FBFADF69E}.Debug|Any CPU.ActiveCfg = Debug|Any CPU
		{9B64EE78-13A0-426F-BF45-382FBFADF69E}.Debug|Any CPU.Build.0 = Debug|Any CPU
		{9B64EE78-13A0-426F-BF45-382FBFADF69E}.Release|Any CPU.ActiveCfg = Release|Any CPU
		{9B64EE78-13A0-426F-BF45-382FBFADF69E}.Release|Any CPU.Build.0 = Release|Any CPU
		{33E5E3A2-A887-4A80-B584-39C647F32841}.Debug|Any CPU.ActiveCfg = Debug|Any CPU
		{33E5E3A2-A887-4A80-B584-39C647F32841}.Debug|Any CPU.Build.0 = Debug|Any CPU
		{33E5E3A2-A887-4A80-B584-39C647F32841}.Release|Any CPU.ActiveCfg = Release|Any CPU
		{33E5E3A2-A887-4A80-B584-39C647F32841}.Release|Any CPU.Build.0 = Release|Any CPU
	EndGlobalSection
	GlobalSection(SolutionProperties) = preSolution
		HideSolutionNode = FALSE
	EndGlobalSection
	GlobalSection(ExtensibilityGlobals) = postSolution
		SolutionGuid = {9465E952-2CB4-426D-BAE4-4BA0531FECB0}
	EndGlobalSection
EndGlobal
